// !$*UTF8*$!
{
	archiveVersion = 1;
	classes = {
	};
	objectVersion = 50;
	objects = {

/* Begin PBXBuildFile section */
		A802C851268FF7BA00E9EB7D /* MetroView.swift in Sources */ = {isa = PBXBuildFile; fileRef = A802C850268FF7BA00E9EB7D /* MetroView.swift */; };
		A8AE81B5268D69B700CA79C2 /* Electronic.mp3 in Resources */ = {isa = PBXBuildFile; fileRef = A8AE81B1268D69B700CA79C2 /* Electronic.mp3 */; };
		A8AE81B6268D69B700CA79C2 /* Metronome.mp3 in Resources */ = {isa = PBXBuildFile; fileRef = A8AE81B2268D69B700CA79C2 /* Metronome.mp3 */; };
		A8AE81B7268D69B700CA79C2 /* Click.mp3 in Resources */ = {isa = PBXBuildFile; fileRef = A8AE81B3268D69B700CA79C2 /* Click.mp3 */; };
		A8AE81B8268D69B700CA79C2 /* Typewriter.mp3 in Resources */ = {isa = PBXBuildFile; fileRef = A8AE81B4268D69B700CA79C2 /* Typewriter.mp3 */; };
		A8FC002B268D2E8A00ED102C /* MetrifyApp.swift in Sources */ = {isa = PBXBuildFile; fileRef = A8FC002A268D2E8A00ED102C /* MetrifyApp.swift */; };
		A8FC002D268D2E8A00ED102C /* ContentView.swift in Sources */ = {isa = PBXBuildFile; fileRef = A8FC002C268D2E8A00ED102C /* ContentView.swift */; };
		A8FC002F268D2E8C00ED102C /* Assets.xcassets in Resources */ = {isa = PBXBuildFile; fileRef = A8FC002E268D2E8C00ED102C /* Assets.xcassets */; };
		A8FC0032268D2E8C00ED102C /* Preview Assets.xcassets in Resources */ = {isa = PBXBuildFile; fileRef = A8FC0031268D2E8C00ED102C /* Preview Assets.xcassets */; };
/* End PBXBuildFile section */

/* Begin PBXFileReference section */
		A802C850268FF7BA00E9EB7D /* MetroView.swift */ = {isa = PBXFileReference; lastKnownFileType = sourcecode.swift; path = MetroView.swift; sourceTree = "<group>"; };
		A84AFC22268D38CE009218CF /* Metrify.entitlements */ = {isa = PBXFileReference; lastKnownFileType = text.plist.entitlements; path = Metrify.entitlements; sourceTree = "<group>"; };
		A8AE81B1268D69B700CA79C2 /* Electronic.mp3 */ = {isa = PBXFileReference; lastKnownFileType = audio.mp3; path = Electronic.mp3; sourceTree = "<group>"; };
		A8AE81B2268D69B700CA79C2 /* Metronome.mp3 */ = {isa = PBXFileReference; lastKnownFileType = audio.mp3; path = Metronome.mp3; sourceTree = "<group>"; };
		A8AE81B3268D69B700CA79C2 /* Click.mp3 */ = {isa = PBXFileReference; lastKnownFileType = audio.mp3; path = Click.mp3; sourceTree = "<group>"; };
		A8AE81B4268D69B700CA79C2 /* Typewriter.mp3 */ = {isa = PBXFileReference; lastKnownFileType = audio.mp3; path = Typewriter.mp3; sourceTree = "<group>"; };
		A8FC0027268D2E8A00ED102C /* Metrify.app */ = {isa = PBXFileReference; explicitFileType = wrapper.application; includeInIndex = 0; path = Metrify.app; sourceTree = BUILT_PRODUCTS_DIR; };
		A8FC002A268D2E8A00ED102C /* MetrifyApp.swift */ = {isa = PBXFileReference; lastKnownFileType = sourcecode.swift; path = MetrifyApp.swift; sourceTree = "<group>"; };
		A8FC002C268D2E8A00ED102C /* ContentView.swift */ = {isa = PBXFileReference; lastKnownFileType = sourcecode.swift; path = ContentView.swift; sourceTree = "<group>"; };
		A8FC002E268D2E8C00ED102C /* Assets.xcassets */ = {isa = PBXFileReference; lastKnownFileType = folder.assetcatalog; path = Assets.xcassets; sourceTree = "<group>"; };
		A8FC0031268D2E8C00ED102C /* Preview Assets.xcassets */ = {isa = PBXFileReference; lastKnownFileType = folder.assetcatalog; path = "Preview Assets.xcassets"; sourceTree = "<group>"; };
		A8FC0033268D2E8C00ED102C /* Info.plist */ = {isa = PBXFileReference; lastKnownFileType = text.plist.xml; path = Info.plist; sourceTree = "<group>"; };
/* End PBXFileReference section */

/* Begin PBXFrameworksBuildPhase section */
		A8FC0024268D2E8A00ED102C /* Frameworks */ = {
			isa = PBXFrameworksBuildPhase;
			buildActionMask = 2147483647;
			files = (
			);
			runOnlyForDeploymentPostprocessing = 0;
		};
/* End PBXFrameworksBuildPhase section */

/* Begin PBXGroup section */
		A8AE81B0268D69B700CA79C2 /* Sounds */ = {
			isa = PBXGroup;
			children = (
				A8AE81B1268D69B700CA79C2 /* Electronic.mp3 */,
				A8AE81B2268D69B700CA79C2 /* Metronome.mp3 */,
				A8AE81B3268D69B700CA79C2 /* Click.mp3 */,
				A8AE81B4268D69B700CA79C2 /* Typewriter.mp3 */,
			);
			path = Sounds;
			sourceTree = "<group>";
		};
		A8FC001E268D2E8A00ED102C = {
			isa = PBXGroup;
			children = (
				A8FC0029268D2E8A00ED102C /* Metrify */,
				A8FC0028268D2E8A00ED102C /* Products */,
			);
			sourceTree = "<group>";
		};
		A8FC0028268D2E8A00ED102C /* Products */ = {
			isa = PBXGroup;
			children = (
				A8FC0027268D2E8A00ED102C /* Metrify.app */,
			);
			name = Products;
			sourceTree = "<group>";
		};
		A8FC0029268D2E8A00ED102C /* Metrify */ = {
			isa = PBXGroup;
			children = (
				A8AE81B0268D69B700CA79C2 /* Sounds */,
				A84AFC22268D38CE009218CF /* Metrify.entitlements */,
				A8FC002A268D2E8A00ED102C /* MetrifyApp.swift */,
				A8FC002C268D2E8A00ED102C /* ContentView.swift */,
				A8FC002E268D2E8C00ED102C /* Assets.xcassets */,
				A802C850268FF7BA00E9EB7D /* MetroView.swift */,
				A8FC0033268D2E8C00ED102C /* Info.plist */,
				A8FC0030268D2E8C00ED102C /* Preview Content */,
			);
			path = Metrify;
			sourceTree = "<group>";
		};
		A8FC0030268D2E8C00ED102C /* Preview Content */ = {
			isa = PBXGroup;
			children = (
				A8FC0031268D2E8C00ED102C /* Preview Assets.xcassets */,
			);
			path = "Preview Content";
			sourceTree = "<group>";
		};
/* End PBXGroup section */

/* Begin PBXNativeTarget section */
		A8FC0026268D2E8A00ED102C /* Metrify */ = {
			isa = PBXNativeTarget;
			buildConfigurationList = A8FC0036268D2E8C00ED102C /* Build configuration list for PBXNativeTarget "Metrify" */;
			buildPhases = (
				A8FC0023268D2E8A00ED102C /* Sources */,
				A8FC0024268D2E8A00ED102C /* Frameworks */,
				A8FC0025268D2E8A00ED102C /* Resources */,
			);
			buildRules = (
			);
			dependencies = (
			);
			name = Metrify;
			productName = Metrify;
			productReference = A8FC0027268D2E8A00ED102C /* Metrify.app */;
			productType = "com.apple.product-type.application";
		};
/* End PBXNativeTarget section */

/* Begin PBXProject section */
		A8FC001F268D2E8A00ED102C /* Project object */ = {
			isa = PBXProject;
			attributes = {
				LastSwiftUpdateCheck = 1250;
				LastUpgradeCheck = 1250;
				TargetAttributes = {
					A8FC0026268D2E8A00ED102C = {
						CreatedOnToolsVersion = 12.5.1;
					};
				};
			};
			buildConfigurationList = A8FC0022268D2E8A00ED102C /* Build configuration list for PBXProject "Metrify" */;
			compatibilityVersion = "Xcode 9.3";
			developmentRegion = en;
			hasScannedForEncodings = 0;
			knownRegions = (
				en,
				Base,
			);
			mainGroup = A8FC001E268D2E8A00ED102C;
			productRefGroup = A8FC0028268D2E8A00ED102C /* Products */;
			projectDirPath = "";
			projectRoot = "";
			targets = (
				A8FC0026268D2E8A00ED102C /* Metrify */,
			);
		};
/* End PBXProject section */

/* Begin PBXResourcesBuildPhase section */
		A8FC0025268D2E8A00ED102C /* Resources */ = {
			isa = PBXResourcesBuildPhase;
			buildActionMask = 2147483647;
			files = (
				A8FC0032268D2E8C00ED102C /* Preview Assets.xcassets in Resources */,
				A8AE81B6268D69B700CA79C2 /* Metronome.mp3 in Resources */,
				A8AE81B5268D69B700CA79C2 /* Electronic.mp3 in Resources */,
				A8AE81B8268D69B700CA79C2 /* Typewriter.mp3 in Resources */,
				A8AE81B7268D69B700CA79C2 /* Click.mp3 in Resources */,
				A8FC002F268D2E8C00ED102C /* Assets.xcassets in Resources */,
			);
			runOnlyForDeploymentPostprocessing = 0;
		};
/* End PBXResourcesBuildPhase section */

/* Begin PBXSourcesBuildPhase section */
		A8FC0023268D2E8A00ED102C /* Sources */ = {
			isa = PBXSourcesBuildPhase;
			buildActionMask = 2147483647;
			files = (
				A8FC002D268D2E8A00ED102C /* ContentView.swift in Sources */,
				A802C851268FF7BA00E9EB7D /* MetroView.swift in Sources */,
				A8FC002B268D2E8A00ED102C /* MetrifyApp.swift in Sources */,
			);
			runOnlyForDeploymentPostprocessing = 0;
		};
/* End PBXSourcesBuildPhase section */

/* Begin XCBuildConfiguration section */
		A8FC0034268D2E8C00ED102C /* Debug */ = {
			isa = XCBuildConfiguration;
			buildSettings = {
				ALWAYS_SEARCH_USER_PATHS = NO;
				CLANG_ANALYZER_NONNULL = YES;
				CLANG_ANALYZER_NUMBER_OBJECT_CONVERSION = YES_AGGRESSIVE;
				CLANG_CXX_LANGUAGE_STANDARD = "gnu++14";
				CLANG_CXX_LIBRARY = "libc++";
				CLANG_ENABLE_MODULES = YES;
				CLANG_ENABLE_OBJC_ARC = YES;
				CLANG_ENABLE_OBJC_WEAK = YES;
				CLANG_WARN_BLOCK_CAPTURE_AUTORELEASING = YES;
				CLANG_WARN_BOOL_CONVERSION = YES;
				CLANG_WARN_COMMA = YES;
				CLANG_WARN_CONSTANT_CONVERSION = YES;
				CLANG_WARN_DEPRECATED_OBJC_IMPLEMENTATIONS = YES;
				CLANG_WARN_DIRECT_OBJC_ISA_USAGE = YES_ERROR;
				CLANG_WARN_DOCUMENTATION_COMMENTS = YES;
				CLANG_WARN_EMPTY_BODY = YES;
				CLANG_WARN_ENUM_CONVERSION = YES;
				CLANG_WARN_INFINITE_RECURSION = YES;
				CLANG_WARN_INT_CONVERSION = YES;
				CLANG_WARN_NON_LITERAL_NULL_CONVERSION = YES;
				CLANG_WARN_OBJC_IMPLICIT_RETAIN_SELF = YES;
				CLANG_WARN_OBJC_LITERAL_CONVERSION = YES;
				CLANG_WARN_OBJC_ROOT_CLASS = YES_ERROR;
				CLANG_WARN_QUOTED_INCLUDE_IN_FRAMEWORK_HEADER = YES;
				CLANG_WARN_RANGE_LOOP_ANALYSIS = YES;
				CLANG_WARN_STRICT_PROTOTYPES = YES;
				CLANG_WARN_SUSPICIOUS_MOVE = YES;
				CLANG_WARN_UNGUARDED_AVAILABILITY = YES_AGGRESSIVE;
				CLANG_WARN_UNREACHABLE_CODE = YES;
				CLANG_WARN__DUPLICATE_METHOD_MATCH = YES;
				COPY_PHASE_STRIP = NO;
				DEBUG_INFORMATION_FORMAT = dwarf;
				ENABLE_STRICT_OBJC_MSGSEND = YES;
				ENABLE_TESTABILITY = YES;
				GCC_C_LANGUAGE_STANDARD = gnu11;
				GCC_DYNAMIC_NO_PIC = NO;
				GCC_NO_COMMON_BLOCKS = YES;
				GCC_OPTIMIZATION_LEVEL = 0;
				GCC_PREPROCESSOR_DEFINITIONS = (
					"DEBUG=1",
					"$(inherited)",
				);
				GCC_WARN_64_TO_32_BIT_CONVERSION = YES;
				GCC_WARN_ABOUT_RETURN_TYPE = YES_ERROR;
				GCC_WARN_UNDECLARED_SELECTOR = YES;
				GCC_WARN_UNINITIALIZED_AUTOS = YES_AGGRESSIVE;
				GCC_WARN_UNUSED_FUNCTION = YES;
				GCC_WARN_UNUSED_VARIABLE = YES;
				IPHONEOS_DEPLOYMENT_TARGET = 14.5;
				MTL_ENABLE_DEBUG_INFO = INCLUDE_SOURCE;
				MTL_FAST_MATH = YES;
				ONLY_ACTIVE_ARCH = YES;
				SDKROOT = iphoneos;
				SWIFT_ACTIVE_COMPILATION_CONDITIONS = DEBUG;
				SWIFT_OPTIMIZATION_LEVEL = "-Onone";
			};
			name = Debug;
		};
		A8FC0035268D2E8C00ED102C /* Release */ = {
			isa = XCBuildConfiguration;
			buildSettings = {
				ALWAYS_SEARCH_USER_PATHS = NO;
				CLANG_ANALYZER_NONNULL = YES;
				CLANG_ANALYZER_NUMBER_OBJECT_CONVERSION = YES_AGGRESSIVE;
				CLANG_CXX_LANGUAGE_STANDARD = "gnu++14";
				CLANG_CXX_LIBRARY = "libc++";
				CLANG_ENABLE_MODULES = YES;
				CLANG_ENABLE_OBJC_ARC = YES;
				CLANG_ENABLE_OBJC_WEAK = YES;
				CLANG_WARN_BLOCK_CAPTURE_AUTORELEASING = YES;
				CLANG_WARN_BOOL_CONVERSION = YES;
				CLANG_WARN_COMMA = YES;
				CLANG_WARN_CONSTANT_CONVERSION = YES;
				CLANG_WARN_DEPRECATED_OBJC_IMPLEMENTATIONS = YES;
				CLANG_WARN_DIRECT_OBJC_ISA_USAGE = YES_ERROR;
				CLANG_WARN_DOCUMENTATION_COMMENTS = YES;
				CLANG_WARN_EMPTY_BODY = YES;
				CLANG_WARN_ENUM_CONVERSION = YES;
				CLANG_WARN_INFINITE_RECURSION = YES;
				CLANG_WARN_INT_CONVERSION = YES;
				CLANG_WARN_NON_LITERAL_NULL_CONVERSION = YES;
				CLANG_WARN_OBJC_IMPLICIT_RETAIN_SELF = YES;
				CLANG_WARN_OBJC_LITERAL_CONVERSION = YES;
				CLANG_WARN_OBJC_ROOT_CLASS = YES_ERROR;
				CLANG_WARN_QUOTED_INCLUDE_IN_FRAMEWORK_HEADER = YES;
				CLANG_WARN_RANGE_LOOP_ANALYSIS = YES;
				CLANG_WARN_STRICT_PROTOTYPES = YES;
				CLANG_WARN_SUSPICIOUS_MOVE = YES;
				CLANG_WARN_UNGUARDED_AVAILABILITY = YES_AGGRESSIVE;
				CLANG_WARN_UNREACHABLE_CODE = YES;
				CLANG_WARN__DUPLICATE_METHOD_MATCH = YES;
				COPY_PHASE_STRIP = NO;
				DEBUG_INFORMATION_FORMAT = "dwarf-with-dsym";
				ENABLE_NS_ASSERTIONS = NO;
				ENABLE_STRICT_OBJC_MSGSEND = YES;
				GCC_C_LANGUAGE_STANDARD = gnu11;
				GCC_NO_COMMON_BLOCKS = YES;
				GCC_WARN_64_TO_32_BIT_CONVERSION = YES;
				GCC_WARN_ABOUT_RETURN_TYPE = YES_ERROR;
				GCC_WARN_UNDECLARED_SELECTOR = YES;
				GCC_WARN_UNINITIALIZED_AUTOS = YES_AGGRESSIVE;
				GCC_WARN_UNUSED_FUNCTION = YES;
				GCC_WARN_UNUSED_VARIABLE = YES;
				IPHONEOS_DEPLOYMENT_TARGET = 14.5;
				MTL_ENABLE_DEBUG_INFO = NO;
				MTL_FAST_MATH = YES;
				SDKROOT = iphoneos;
				SWIFT_COMPILATION_MODE = wholemodule;
				SWIFT_OPTIMIZATION_LEVEL = "-O";
				VALIDATE_PRODUCT = YES;
			};
			name = Release;
		};
		A8FC0037268D2E8C00ED102C /* Debug */ = {
			isa = XCBuildConfiguration;
			buildSettings = {
				ASSETCATALOG_COMPILER_APPICON_NAME = DarkIcon;
				ASSETCATALOG_COMPILER_GLOBAL_ACCENT_COLOR_NAME = AccentColor;
				CODE_SIGN_ENTITLEMENTS = Metrify/Metrify.entitlements;
				CODE_SIGN_STYLE = Automatic;
				DEVELOPMENT_ASSET_PATHS = "\"Metrify/Preview Content\"";
				DEVELOPMENT_TEAM = CK2YS5GSMD;
				ENABLE_PREVIEWS = YES;
				INFOPLIST_FILE = Metrify/Info.plist;
				IPHONEOS_DEPLOYMENT_TARGET = 14.0;
				LD_RUNPATH_SEARCH_PATHS = (
					"$(inherited)",
					"@executable_path/Frameworks",
				);
				PRODUCT_BUNDLE_IDENTIFIER = com.KaiAzim.Metrify;
				PRODUCT_NAME = "$(TARGET_NAME)";
				SUPPORTS_MACCATALYST = NO;
				SWIFT_VERSION = 5.0;
				TARGETED_DEVICE_FAMILY = 1;
			};
			name = Debug;
		};
		A8FC0038268D2E8C00ED102C /* Release */ = {
			isa = XCBuildConfiguration;
			buildSettings = {
				ASSETCATALOG_COMPILER_APPICON_NAME = DarkIcon;
				ASSETCATALOG_COMPILER_GLOBAL_ACCENT_COLOR_NAME = AccentColor;
				CODE_SIGN_ENTITLEMENTS = Metrify/Metrify.entitlements;
				CODE_SIGN_STYLE = Automatic;
				DEVELOPMENT_ASSET_PATHS = "\"Metrify/Preview Content\"";
				DEVELOPMENT_TEAM = CK2YS5GSMD;
				ENABLE_PREVIEWS = YES;
				INFOPLIST_FILE = Metrify/Info.plist;
				IPHONEOS_DEPLOYMENT_TARGET = 14.0;
				LD_RUNPATH_SEARCH_PATHS = (
					"$(inherited)",
					"@executable_path/Frameworks",
				);
				PRODUCT_BUNDLE_IDENTIFIER = com.KaiAzim.Metrify;
				PRODUCT_NAME = "$(TARGET_NAME)";
				SUPPORTS_MACCATALYST = NO;
				SWIFT_VERSION = 5.0;
				TARGETED_DEVICE_FAMILY = 1;
			};
			name = Release;
		};
/* End XCBuildConfiguration section */

/* Begin XCConfigurationList section */
		A8FC0022268D2E8A00ED102C /* Build configuration list for PBXProject "Metrify" */ = {
			isa = XCConfigurationList;
			buildConfigurations = (
				A8FC0034268D2E8C00ED102C /* Debug */,
				A8FC0035268D2E8C00ED102C /* Release */,
			);
			defaultConfigurationIsVisible = 0;
			defaultConfigurationName = Release;
		};
		A8FC0036268D2E8C00ED102C /* Build configuration list for PBXNativeTarget "Metrify" */ = {
			isa = XCConfigurationList;
			buildConfigurations = (
				A8FC0037268D2E8C00ED102C /* Debug */,
				A8FC0038268D2E8C00ED102C /* Release */,
			);
			defaultConfigurationIsVisible = 0;
			defaultConfigurationName = Release;
		};
/* End XCConfigurationList section */
	};
	rootObject = A8FC001F268D2E8A00ED102C /* Project object */;
}
